
Microsoft Visual Studio Solution File, Format Version 12.00
# Visual Studio 14
VisualStudioVersion = 14.0.25420.1
MinimumVisualStudioVersion = 10.0.40219.1
Project("{FAE04EC0-301F-11D3-BF4B-00C04F79EFBC}") = "Nano.Tests", "Nano.Tests\Nano.Tests.csproj", "{B0C89E52-4141-4FAC-B625-33FDC442BFA9}"
EndProject
Project("{FAE04EC0-301F-11D3-BF4B-00C04F79EFBC}") = "Nano.Services", "Nano.Services\Nano.Services.csproj", "{3708A0A9-055F-46FB-916B-62695A72E806}"
EndProject
Project("{FAE04EC0-301F-11D3-BF4B-00C04F79EFBC}") = "Nano.Actors", "Nano.Actors\Nano.Actors.csproj", "{AC0F7B43-154B-43BB-B5A1-BBF49737EB1B}"
EndProject
Project("{FAE04EC0-301F-11D3-BF4B-00C04F79EFBC}") = "Nano.ActorSystemFactoryLib", "Nano.ActorSystemFactoryLib\Nano.ActorSystemFactoryLib.csproj", "{11C44B2C-F2A1-4976-BD41-C22A736F5F10}"
EndProject
Project("{FAE04EC0-301F-11D3-BF4B-00C04F79EFBC}") = "Nano.DiagnosticLib", "Nano.DiagnosticLib\Nano.DiagnosticLib.csproj", "{D1A5B2C0-E2E1-4C95-9E2E-38174C7045E9}"
EndProject
Project("{FAE04EC0-301F-11D3-BF4B-00C04F79EFBC}") = "Nano.ActorMessages", "Nano.ActorMessages\Nano.ActorMessages.csproj", "{A7242BDB-94F2-49E1-A2B7-40F04A27FAC6}"
EndProject
Project("{2150E333-8FDC-42A3-9474-1A3956D46DE8}") = "ActorSystemThings", "ActorSystemThings", "{C3164F4C-522D-469E-BDB2-061441549163}"
EndProject
Project("{2150E333-8FDC-42A3-9474-1A3956D46DE8}") = "QA", "QA", "{D64B456F-3DDC-4438-BB79-D54D8FF6EE66}"
EndProject
Project("{FAE04EC0-301F-11D3-BF4B-00C04F79EFBC}") = "Nano.ServiceImpl", "Nano.ServiceImpl\Nano.ServiceImpl.csproj", "{8E2EA31C-0101-4E30-AF6B-1362E98B0410}"
EndProject
Project("{FAE04EC0-301F-11D3-BF4B-00C04F79EFBC}") = "Nano.WebUI", "Nano.WebUI\Nano.WebUI.csproj", "{C7F8EA8A-9BCB-4A38-8F8E-0F5A33289F67}"
EndProject
Project("{FAE04EC0-301F-11D3-BF4B-00C04F79EFBC}") = "Nano.ConsoleUI", "Nano.ConsoleUI\Nano.ConsoleUI.csproj", "{E1D7E2EF-86A2-46BE-85E9-AA60CC68BB03}"
EndProject
Project("{2150E333-8FDC-42A3-9474-1A3956D46DE8}") = "Clients", "Clients", "{82901F2C-E0C9-4C93-8681-B782869202C2}"
EndProject
Project("{2150E333-8FDC-42A3-9474-1A3956D46DE8}") = "Deployments", "Deployments", "{041C1A47-9318-4248-86F0-9D8128774460}"
EndProject
Project("{FAE04EC0-301F-11D3-BF4B-00C04F79EFBC}") = "Nano.WebUIDeployment", "Nano.WebUIDeployment\Nano.WebUIDeployment.csproj", "{0AD4B69C-FF2C-4277-AD88-2B285F61FCE1}"
EndProject
Project("{FAE04EC0-301F-11D3-BF4B-00C04F79EFBC}") = "Nano.WebUIHost", "Nano.WebUIHost\Nano.WebUIHost.csproj", "{352CE4A5-F3FA-4844-BFE2-6BFE94DB5D9D}"
EndProject
Project("{FAE04EC0-301F-11D3-BF4B-00C04F79EFBC}") = "Nano.ServiceDeployment", "Nano.ServiceDeployment\Nano.ServiceDeployment.csproj", "{FD89D7F3-8B83-41B2-A0D9-FA2E5343FD2E}"
EndProject
Global
	GlobalSection(SolutionConfigurationPlatforms) = preSolution
		Debug|Any CPU = Debug|Any CPU
		Release|Any CPU = Release|Any CPU
	EndGlobalSection
	GlobalSection(ProjectConfigurationPlatforms) = postSolution
		{B0C89E52-4141-4FAC-B625-33FDC442BFA9}.Debug|Any CPU.ActiveCfg = Debug|Any CPU
		{B0C89E52-4141-4FAC-B625-33FDC442BFA9}.Debug|Any CPU.Build.0 = Debug|Any CPU
		{B0C89E52-4141-4FAC-B625-33FDC442BFA9}.Release|Any CPU.ActiveCfg = Release|Any CPU
		{B0C89E52-4141-4FAC-B625-33FDC442BFA9}.Release|Any CPU.Build.0 = Release|Any CPU
		{3708A0A9-055F-46FB-916B-62695A72E806}.Debug|Any CPU.ActiveCfg = Debug|Any CPU
		{3708A0A9-055F-46FB-916B-62695A72E806}.Debug|Any CPU.Build.0 = Debug|Any CPU
		{3708A0A9-055F-46FB-916B-62695A72E806}.Release|Any CPU.ActiveCfg = Release|Any CPU
		{3708A0A9-055F-46FB-916B-62695A72E806}.Release|Any CPU.Build.0 = Release|Any CPU
		{AC0F7B43-154B-43BB-B5A1-BBF49737EB1B}.Debug|Any CPU.ActiveCfg = Debug|Any CPU
		{AC0F7B43-154B-43BB-B5A1-BBF49737EB1B}.Debug|Any CPU.Build.0 = Debug|Any CPU
		{AC0F7B43-154B-43BB-B5A1-BBF49737EB1B}.Release|Any CPU.ActiveCfg = Release|Any CPU
		{AC0F7B43-154B-43BB-B5A1-BBF49737EB1B}.Release|Any CPU.Build.0 = Release|Any CPU
		{11C44B2C-F2A1-4976-BD41-C22A736F5F10}.Debug|Any CPU.ActiveCfg = Debug|Any CPU
		{11C44B2C-F2A1-4976-BD41-C22A736F5F10}.Debug|Any CPU.Build.0 = Debug|Any CPU
		{11C44B2C-F2A1-4976-BD41-C22A736F5F10}.Release|Any CPU.ActiveCfg = Release|Any CPU
		{11C44B2C-F2A1-4976-BD41-C22A736F5F10}.Release|Any CPU.Build.0 = Release|Any CPU
		{D1A5B2C0-E2E1-4C95-9E2E-38174C7045E9}.Debug|Any CPU.ActiveCfg = Debug|Any CPU
		{D1A5B2C0-E2E1-4C95-9E2E-38174C7045E9}.Debug|Any CPU.Build.0 = Debug|Any CPU
		{D1A5B2C0-E2E1-4C95-9E2E-38174C7045E9}.Release|Any CPU.ActiveCfg = Release|Any CPU
		{D1A5B2C0-E2E1-4C95-9E2E-38174C7045E9}.Release|Any CPU.Build.0 = Release|Any CPU
		{A7242BDB-94F2-49E1-A2B7-40F04A27FAC6}.Debug|Any CPU.ActiveCfg = Debug|Any CPU
		{A7242BDB-94F2-49E1-A2B7-40F04A27FAC6}.Debug|Any CPU.Build.0 = Debug|Any CPU
		{A7242BDB-94F2-49E1-A2B7-40F04A27FAC6}.Release|Any CPU.ActiveCfg = Release|Any CPU
		{A7242BDB-94F2-49E1-A2B7-40F04A27FAC6}.Release|Any CPU.Build.0 = Release|Any CPU
		{8E2EA31C-0101-4E30-AF6B-1362E98B0410}.Debug|Any CPU.ActiveCfg = Debug|Any CPU
		{8E2EA31C-0101-4E30-AF6B-1362E98B0410}.Debug|Any CPU.Build.0 = Debug|Any CPU
		{8E2EA31C-0101-4E30-AF6B-1362E98B0410}.Release|Any CPU.ActiveCfg = Release|Any CPU
		{8E2EA31C-0101-4E30-AF6B-1362E98B0410}.Release|Any CPU.Build.0 = Release|Any CPU
		{C7F8EA8A-9BCB-4A38-8F8E-0F5A33289F67}.Debug|Any CPU.ActiveCfg = Debug|Any CPU
		{C7F8EA8A-9BCB-4A38-8F8E-0F5A33289F67}.Debug|Any CPU.Build.0 = Debug|Any CPU
		{C7F8EA8A-9BCB-4A38-8F8E-0F5A33289F67}.Release|Any CPU.ActiveCfg = Release|Any CPU
		{C7F8EA8A-9BCB-4A38-8F8E-0F5A33289F67}.Release|Any CPU.Build.0 = Release|Any CPU
		{E1D7E2EF-86A2-46BE-85E9-AA60CC68BB03}.Debug|Any CPU.ActiveCfg = Debug|Any CPU
		{E1D7E2EF-86A2-46BE-85E9-AA60CC68BB03}.Debug|Any CPU.Build.0 = Debug|Any CPU
		{E1D7E2EF-86A2-46BE-85E9-AA60CC68BB03}.Release|Any CPU.ActiveCfg = Release|Any CPU
		{E1D7E2EF-86A2-46BE-85E9-AA60CC68BB03}.Release|Any CPU.Build.0 = Release|Any CPU
		{0AD4B69C-FF2C-4277-AD88-2B285F61FCE1}.Debug|Any CPU.ActiveCfg = Debug|Any CPU
		{0AD4B69C-FF2C-4277-AD88-2B285F61FCE1}.Debug|Any CPU.Build.0 = Debug|Any CPU
		{0AD4B69C-FF2C-4277-AD88-2B285F61FCE1}.Release|Any CPU.ActiveCfg = Release|Any CPU
		{0AD4B69C-FF2C-4277-AD88-2B285F61FCE1}.Release|Any CPU.Build.0 = Release|Any CPU
		{352CE4A5-F3FA-4844-BFE2-6BFE94DB5D9D}.Debug|Any CPU.ActiveCfg = Debug|Any CPU
		{352CE4A5-F3FA-4844-BFE2-6BFE94DB5D9D}.Debug|Any CPU.Build.0 = Debug|Any CPU
		{352CE4A5-F3FA-4844-BFE2-6BFE94DB5D9D}.Release|Any CPU.ActiveCfg = Release|Any CPU
		{352CE4A5-F3FA-4844-BFE2-6BFE94DB5D9D}.Release|Any CPU.Build.0 = Release|Any CPU
		{FD89D7F3-8B83-41B2-A0D9-FA2E5343FD2E}.Debug|Any CPU.ActiveCfg = Debug|Any CPU
		{FD89D7F3-8B83-41B2-A0D9-FA2E5343FD2E}.Debug|Any CPU.Build.0 = Debug|Any CPU
		{FD89D7F3-8B83-41B2-A0D9-FA2E5343FD2E}.Release|Any CPU.ActiveCfg = Release|Any CPU
		{FD89D7F3-8B83-41B2-A0D9-FA2E5343FD2E}.Release|Any CPU.Build.0 = Release|Any CPU
	EndGlobalSection
	GlobalSection(SolutionProperties) = preSolution
		HideSolutionNode = FALSE
	EndGlobalSection
	GlobalSection(NestedProjects) = preSolution
		{B0C89E52-4141-4FAC-B625-33FDC442BFA9} = {D64B456F-3DDC-4438-BB79-D54D8FF6EE66}
		{AC0F7B43-154B-43BB-B5A1-BBF49737EB1B} = {C3164F4C-522D-469E-BDB2-061441549163}
		{11C44B2C-F2A1-4976-BD41-C22A736F5F10} = {C3164F4C-522D-469E-BDB2-061441549163}
		{D1A5B2C0-E2E1-4C95-9E2E-38174C7045E9} = {D64B456F-3DDC-4438-BB79-D54D8FF6EE66}
		{A7242BDB-94F2-49E1-A2B7-40F04A27FAC6} = {C3164F4C-522D-469E-BDB2-061441549163}
		{C7F8EA8A-9BCB-4A38-8F8E-0F5A33289F67} = {82901F2C-E0C9-4C93-8681-B782869202C2}
		{E1D7E2EF-86A2-46BE-85E9-AA60CC68BB03} = {82901F2C-E0C9-4C93-8681-B782869202C2}
		{0AD4B69C-FF2C-4277-AD88-2B285F61FCE1} = {041C1A47-9318-4248-86F0-9D8128774460}
		{352CE4A5-F3FA-4844-BFE2-6BFE94DB5D9D} = {82901F2C-E0C9-4C93-8681-B782869202C2}
		{FD89D7F3-8B83-41B2-A0D9-FA2E5343FD2E} = {041C1A47-9318-4248-86F0-9D8128774460}
	EndGlobalSection
EndGlobal
